
Microsoft Visual Studio Solution File, Format Version 12.00
# Visual Studio Version 17
VisualStudioVersion = 17.2.32630.192
MinimumVisualStudioVersion = 10.0.40219.1
Project("{FAE04EC0-301F-11D3-BF4B-00C04F79EFBC}") = "ShellSort", "ShellSort\ShellSort.csproj", "{01D15B3B-4221-4A6E-A293-511D63F72F54}"
EndProject
Global
	GlobalSection(SolutionConfigurationPlatforms) = preSolution
		Debug|Any CPU = Debug|Any CPU
		Release|Any CPU = Release|Any CPU
	EndGlobalSection
	GlobalSection(ProjectConfigurationPlatforms) = postSolution
		{01D15B3B-4221-4A6E-A293-511D63F72F54}.Debug|Any CPU.ActiveCfg = Debug|Any CPU
		{01D15B3B-4221-4A6E-A293-511D63F72F54}.Debug|Any CPU.Build.0 = Debug|Any CPU
		{01D15B3B-4221-4A6E-A293-511D63F72F54}.Release|Any CPU.ActiveCfg = Release|Any CPU
		{01D15B3B-4221-4A6E-A293-511D63F72F54}.Release|Any CPU.Build.0 = Release|Any CPU
	EndGlobalSection
	GlobalSection(SolutionProperties) = preSolution
		HideSolutionNode = FALSE
	EndGlobalSection
	GlobalSection(ExtensibilityGlobals) = postSolution
		SolutionGuid = {3D4C1437-1C3B-4418-8A89-BFDC87B1AAFF}
	EndGlobalSection
EndGlobal
