
Microsoft Visual Studio Solution File, Format Version 12.00
# Visual Studio Version 17
VisualStudioVersion = 17.2.32630.192
MinimumVisualStudioVersion = 10.0.40219.1
Project("{FAE04EC0-301F-11D3-BF4B-00C04F79EFBC}") = "BubbleSort", "BubbleSort\BubbleSort.csproj", "{51697964-A6BC-4072-BF09-9904256308A4}"
EndProject
Global
	GlobalSection(SolutionConfigurationPlatforms) = preSolution
		Debug|Any CPU = Debug|Any CPU
		Release|Any CPU = Release|Any CPU
	EndGlobalSection
	GlobalSection(ProjectConfigurationPlatforms) = postSolution
		{51697964-A6BC-4072-BF09-9904256308A4}.Debug|Any CPU.ActiveCfg = Debug|Any CPU
		{51697964-A6BC-4072-BF09-9904256308A4}.Debug|Any CPU.Build.0 = Debug|Any CPU
		{51697964-A6BC-4072-BF09-9904256308A4}.Release|Any CPU.ActiveCfg = Release|Any CPU
		{51697964-A6BC-4072-BF09-9904256308A4}.Release|Any CPU.Build.0 = Release|Any CPU
	EndGlobalSection
	GlobalSection(SolutionProperties) = preSolution
		HideSolutionNode = FALSE
	EndGlobalSection
	GlobalSection(ExtensibilityGlobals) = postSolution
		SolutionGuid = {207F4D06-2888-4F25-9780-9324C2B54AF4}
	EndGlobalSection
EndGlobal
