
Microsoft Visual Studio Solution File, Format Version 12.00
# Visual Studio Version 17
VisualStudioVersion = 17.2.32630.192
MinimumVisualStudioVersion = 10.0.40219.1
Project("{FAE04EC0-301F-11D3-BF4B-00C04F79EFBC}") = "InsertionSort", "InsertionSort\InsertionSort.csproj", "{3CD0C48F-59F7-4F08-B77E-571711147246}"
EndProject
Global
	GlobalSection(SolutionConfigurationPlatforms) = preSolution
		Debug|Any CPU = Debug|Any CPU
		Release|Any CPU = Release|Any CPU
	EndGlobalSection
	GlobalSection(ProjectConfigurationPlatforms) = postSolution
		{3CD0C48F-59F7-4F08-B77E-571711147246}.Debug|Any CPU.ActiveCfg = Debug|Any CPU
		{3CD0C48F-59F7-4F08-B77E-571711147246}.Debug|Any CPU.Build.0 = Debug|Any CPU
		{3CD0C48F-59F7-4F08-B77E-571711147246}.Release|Any CPU.ActiveCfg = Release|Any CPU
		{3CD0C48F-59F7-4F08-B77E-571711147246}.Release|Any CPU.Build.0 = Release|Any CPU
	EndGlobalSection
	GlobalSection(SolutionProperties) = preSolution
		HideSolutionNode = FALSE
	EndGlobalSection
	GlobalSection(ExtensibilityGlobals) = postSolution
		SolutionGuid = {809731A1-28CA-44A4-961D-5E5F431A635C}
	EndGlobalSection
EndGlobal
